
Microsoft Visual Studio Solution File, Format Version 12.00
# Visual Studio Version 17
VisualStudioVersion = 17.5.002.0
MinimumVisualStudioVersion = 10.0.40219.1
Project("{9A19103F-16F7-4668-BE54-9A1E7A4F7556}") = "StarWarsApp", "StarWarsApp.csproj", "{EFEAFA39-7DD2-4A68-9704-3113A70C3FCB}"
EndProject
Global
	GlobalSection(SolutionConfigurationPlatforms) = preSolution
		Debug|Any CPU = Debug|Any CPU
		Release|Any CPU = Release|Any CPU
	EndGlobalSection
	GlobalSection(ProjectConfigurationPlatforms) = postSolution
		{EFEAFA39-7DD2-4A68-9704-3113A70C3FCB}.Debug|Any CPU.ActiveCfg = Debug|Any CPU
		{EFEAFA39-7DD2-4A68-9704-3113A70C3FCB}.Debug|Any CPU.Build.0 = Debug|Any CPU
		{EFEAFA39-7DD2-4A68-9704-3113A70C3FCB}.Release|Any CPU.ActiveCfg = Release|Any CPU
		{EFEAFA39-7DD2-4A68-9704-3113A70C3FCB}.Release|Any CPU.Build.0 = Release|Any CPU
	EndGlobalSection
	GlobalSection(SolutionProperties) = preSolution
		HideSolutionNode = FALSE
	EndGlobalSection
	GlobalSection(ExtensibilityGlobals) = postSolution
		SolutionGuid = {EC70F75C-9D24-4AD2-9496-22A2EF688197}
	EndGlobalSection
EndGlobal
